
Microsoft Visual Studio Solution File, Format Version 12.00
# Visual Studio 15
Project("{FAE04EC0-301F-11D3-BF4B-00C04F79EFBC}") = "Hanoi.iOS", "Hanoi.iOS\Hanoi.iOS.csproj", "{E7695AD5-13CC-4B42-A46E-012E861C442E}"
EndProject
Project("{FAE04EC0-301F-11D3-BF4B-00C04F79EFBC}") = "Hanoi", "Hanoi\Hanoi.csproj", "{040B6820-C86F-411B-8795-87CDEFD8820B}"
EndProject
Global
	GlobalSection(SolutionConfigurationPlatforms) = preSolution
		Debug|iPhoneSimulator = Debug|iPhoneSimulator
		Release|iPhoneSimulator = Release|iPhoneSimulator
		Debug|iPhone = Debug|iPhone
		Release|iPhone = Release|iPhone
		Debug|Any CPU = Debug|Any CPU
		Release|Any CPU = Release|Any CPU
	EndGlobalSection
	GlobalSection(ProjectConfigurationPlatforms) = postSolution
		{E7695AD5-13CC-4B42-A46E-012E861C442E}.Debug|iPhoneSimulator.ActiveCfg = Debug|iPhoneSimulator
		{E7695AD5-13CC-4B42-A46E-012E861C442E}.Debug|iPhoneSimulator.Build.0 = Debug|iPhoneSimulator
		{E7695AD5-13CC-4B42-A46E-012E861C442E}.Release|iPhoneSimulator.ActiveCfg = Release|iPhoneSimulator
		{E7695AD5-13CC-4B42-A46E-012E861C442E}.Release|iPhoneSimulator.Build.0 = Release|iPhoneSimulator
		{E7695AD5-13CC-4B42-A46E-012E861C442E}.Debug|iPhone.ActiveCfg = Debug|iPhone
		{E7695AD5-13CC-4B42-A46E-012E861C442E}.Debug|iPhone.Build.0 = Debug|iPhone
		{E7695AD5-13CC-4B42-A46E-012E861C442E}.Release|iPhone.ActiveCfg = Release|iPhone
		{E7695AD5-13CC-4B42-A46E-012E861C442E}.Release|iPhone.Build.0 = Release|iPhone
		{E7695AD5-13CC-4B42-A46E-012E861C442E}.Debug|Any CPU.ActiveCfg = Debug|iPhoneSimulator
		{E7695AD5-13CC-4B42-A46E-012E861C442E}.Debug|Any CPU.Build.0 = Debug|iPhoneSimulator
		{E7695AD5-13CC-4B42-A46E-012E861C442E}.Release|Any CPU.ActiveCfg = Release|iPhoneSimulator
		{E7695AD5-13CC-4B42-A46E-012E861C442E}.Release|Any CPU.Build.0 = Release|iPhoneSimulator
		{040B6820-C86F-411B-8795-87CDEFD8820B}.Debug|iPhoneSimulator.ActiveCfg = Debug|Any CPU
		{040B6820-C86F-411B-8795-87CDEFD8820B}.Debug|iPhoneSimulator.Build.0 = Debug|Any CPU
		{040B6820-C86F-411B-8795-87CDEFD8820B}.Release|iPhoneSimulator.ActiveCfg = Release|Any CPU
		{040B6820-C86F-411B-8795-87CDEFD8820B}.Release|iPhoneSimulator.Build.0 = Release|Any CPU
		{040B6820-C86F-411B-8795-87CDEFD8820B}.Debug|iPhone.ActiveCfg = Debug|Any CPU
		{040B6820-C86F-411B-8795-87CDEFD8820B}.Debug|iPhone.Build.0 = Debug|Any CPU
		{040B6820-C86F-411B-8795-87CDEFD8820B}.Release|iPhone.ActiveCfg = Release|Any CPU
		{040B6820-C86F-411B-8795-87CDEFD8820B}.Release|iPhone.Build.0 = Release|Any CPU
		{040B6820-C86F-411B-8795-87CDEFD8820B}.Debug|Any CPU.ActiveCfg = Debug|Any CPU
		{040B6820-C86F-411B-8795-87CDEFD8820B}.Debug|Any CPU.Build.0 = Debug|Any CPU
		{040B6820-C86F-411B-8795-87CDEFD8820B}.Release|Any CPU.ActiveCfg = Release|Any CPU
		{040B6820-C86F-411B-8795-87CDEFD8820B}.Release|Any CPU.Build.0 = Release|Any CPU
	EndGlobalSection
EndGlobal
